
Microsoft Visual Studio Solution File, Format Version 12.00
# Visual Studio 15
VisualStudioVersion = 15.0.26124.0
MinimumVisualStudioVersion = 15.0.26124.0
Project("{FAE04EC0-301F-11D3-BF4B-00C04F79EFBC}") = "Pi.Math", "Pi.Math\Pi.Math.csproj", "{81354689-59B6-4E82-B0DE-73A474861AEE}"
EndProject
Project("{FAE04EC0-301F-11D3-BF4B-00C04F79EFBC}") = "Pi.Runtime", "Pi.Runtime\Pi.Runtime.csproj", "{4E0F1064-BF1D-4185-A5A8-941D8CF3516A}"
EndProject
Project("{FAE04EC0-301F-11D3-BF4B-00C04F79EFBC}") = "Pi.Web", "Pi.Web\Pi.Web.csproj", "{21EAADA8-E922-4EC5-BF08-2183F6D1A676}"
EndProject
Global
	GlobalSection(SolutionConfigurationPlatforms) = preSolution
		Debug|Any CPU = Debug|Any CPU
		Debug|x64 = Debug|x64
		Debug|x86 = Debug|x86
		Release|Any CPU = Release|Any CPU
		Release|x64 = Release|x64
		Release|x86 = Release|x86
	EndGlobalSection
	GlobalSection(SolutionProperties) = preSolution
		HideSolutionNode = FALSE
	EndGlobalSection
	GlobalSection(ProjectConfigurationPlatforms) = postSolution
		{81354689-59B6-4E82-B0DE-73A474861AEE}.Debug|Any CPU.ActiveCfg = Debug|Any CPU
		{81354689-59B6-4E82-B0DE-73A474861AEE}.Debug|Any CPU.Build.0 = Debug|Any CPU
		{81354689-59B6-4E82-B0DE-73A474861AEE}.Debug|x64.ActiveCfg = Debug|Any CPU
		{81354689-59B6-4E82-B0DE-73A474861AEE}.Debug|x64.Build.0 = Debug|Any CPU
		{81354689-59B6-4E82-B0DE-73A474861AEE}.Debug|x86.ActiveCfg = Debug|Any CPU
		{81354689-59B6-4E82-B0DE-73A474861AEE}.Debug|x86.Build.0 = Debug|Any CPU
		{81354689-59B6-4E82-B0DE-73A474861AEE}.Release|Any CPU.ActiveCfg = Release|Any CPU
		{81354689-59B6-4E82-B0DE-73A474861AEE}.Release|Any CPU.Build.0 = Release|Any CPU
		{81354689-59B6-4E82-B0DE-73A474861AEE}.Release|x64.ActiveCfg = Release|Any CPU
		{81354689-59B6-4E82-B0DE-73A474861AEE}.Release|x64.Build.0 = Release|Any CPU
		{81354689-59B6-4E82-B0DE-73A474861AEE}.Release|x86.ActiveCfg = Release|Any CPU
		{81354689-59B6-4E82-B0DE-73A474861AEE}.Release|x86.Build.0 = Release|Any CPU
		{4E0F1064-BF1D-4185-A5A8-941D8CF3516A}.Debug|Any CPU.ActiveCfg = Debug|Any CPU
		{4E0F1064-BF1D-4185-A5A8-941D8CF3516A}.Debug|Any CPU.Build.0 = Debug|Any CPU
		{4E0F1064-BF1D-4185-A5A8-941D8CF3516A}.Debug|x64.ActiveCfg = Debug|Any CPU
		{4E0F1064-BF1D-4185-A5A8-941D8CF3516A}.Debug|x64.Build.0 = Debug|Any CPU
		{4E0F1064-BF1D-4185-A5A8-941D8CF3516A}.Debug|x86.ActiveCfg = Debug|Any CPU
		{4E0F1064-BF1D-4185-A5A8-941D8CF3516A}.Debug|x86.Build.0 = Debug|Any CPU
		{4E0F1064-BF1D-4185-A5A8-941D8CF3516A}.Release|Any CPU.ActiveCfg = Release|Any CPU
		{4E0F1064-BF1D-4185-A5A8-941D8CF3516A}.Release|Any CPU.Build.0 = Release|Any CPU
		{4E0F1064-BF1D-4185-A5A8-941D8CF3516A}.Release|x64.ActiveCfg = Release|Any CPU
		{4E0F1064-BF1D-4185-A5A8-941D8CF3516A}.Release|x64.Build.0 = Release|Any CPU
		{4E0F1064-BF1D-4185-A5A8-941D8CF3516A}.Release|x86.ActiveCfg = Release|Any CPU
		{4E0F1064-BF1D-4185-A5A8-941D8CF3516A}.Release|x86.Build.0 = Release|Any CPU
		{21EAADA8-E922-4EC5-BF08-2183F6D1A676}.Debug|Any CPU.ActiveCfg = Debug|Any CPU
		{21EAADA8-E922-4EC5-BF08-2183F6D1A676}.Debug|Any CPU.Build.0 = Debug|Any CPU
		{21EAADA8-E922-4EC5-BF08-2183F6D1A676}.Debug|x64.ActiveCfg = Debug|Any CPU
		{21EAADA8-E922-4EC5-BF08-2183F6D1A676}.Debug|x64.Build.0 = Debug|Any CPU
		{21EAADA8-E922-4EC5-BF08-2183F6D1A676}.Debug|x86.ActiveCfg = Debug|Any CPU
		{21EAADA8-E922-4EC5-BF08-2183F6D1A676}.Debug|x86.Build.0 = Debug|Any CPU
		{21EAADA8-E922-4EC5-BF08-2183F6D1A676}.Release|Any CPU.ActiveCfg = Release|Any CPU
		{21EAADA8-E922-4EC5-BF08-2183F6D1A676}.Release|Any CPU.Build.0 = Release|Any CPU
		{21EAADA8-E922-4EC5-BF08-2183F6D1A676}.Release|x64.ActiveCfg = Release|Any CPU
		{21EAADA8-E922-4EC5-BF08-2183F6D1A676}.Release|x64.Build.0 = Release|Any CPU
		{21EAADA8-E922-4EC5-BF08-2183F6D1A676}.Release|x86.ActiveCfg = Release|Any CPU
		{21EAADA8-E922-4EC5-BF08-2183F6D1A676}.Release|x86.Build.0 = Release|Any CPU
	EndGlobalSection
EndGlobal
